version = 1
revision = 3
requires-python = ">=3.14"

[[package]]
name = "aiohappyeyeballs"
version = "2.6.1"
source = { registry = "https://pypi.org/simple" }
sdist = { url = "https://files.pythonhosted.org/packages/26/30/f84a107a9c4331c14b2b586036f40965c128aa4fee4dda5d3d51cb14ad54/aiohappyeyeballs-2.6.1.tar.gz", hash = "sha256:c3f9d0113123803ccadfdf3f0faa505bc78e6a72d1cc4806cbd719826e943558", size = 22760, upload-time = "2025-03-12T01:42:48.764Z" }
wheels = [
    { url = "https://files.pythonhosted.org/packages/0f/15/5bf3b99495fb160b63f95972b81750f18f7f4e02ad051373b669d17d44f2/aiohappyeyeballs-2.6.1-py3-none-any.whl", hash = "sha256:f349ba8f4b75cb25c99c5c2d84e997e485204d2902a9597802b0371f09331fb8", size = 15265, upload-time = "2025-03-12T01:42:47.083Z" },
]

[[package]]
name = "aiohttp"
version = "3.12.15"
source = { registry = "https://pypi.org/simple" }
dependencies = [
    { name = "aiohappyeyeballs" },
    { name = "aiosignal" },
    { name = "attrs" },
    { name = "frozenlist" },
    { name = "multidict" },
    { name = "propcache" },
    { name = "yarl" },
]
sdist = { url = "https://files.pythonhosted.org/packages/9b/e7/d92a237d8802ca88483906c388f7c201bbe96cd80a165ffd0ac2f6a8d59f/aiohttp-3.12.15.tar.gz", hash = "sha256:4fc61385e9c98d72fcdf47e6dd81833f47b2f77c114c29cd64a361be57a763a2", size = 7823716, upload-time = "2025-07-29T05:52:32.215Z" }

[[package]]
name = "aiomqtt"
version = "2.4.0"
source = { registry = "https://pypi.org/simple" }
dependencies = [
    { name = "paho-mqtt" },
]
sdist = { url = "https://files.pythonhosted.org/packages/45/9a/863bc34c64bc4acb9720a9950bfc77d6f324640cdf1f420bb5d9ee624975/aiomqtt-2.4.0.tar.gz", hash = "sha256:ab0f18fc5b7ffaa57451c407417d674db837b00a9c7d953cccd02be64f046c17", size = 82718, upload-time = "2025-05-03T20:21:27.748Z" }
wheels = [
    { url = "https://files.pythonhosted.org/packages/98/0c/2720665998d97d3a9521c03b138a22247e035ba54c4738e934da33c68699/aiomqtt-2.4.0-py3-none-any.whl", hash = "sha256:721296e2b79df5f6c7c4dfc91700ae0166953a4127735c92637859619dbd84e4", size = 15908, upload-time = "2025-05-03T20:21:26.337Z" },
]

[[package]]
name = "aiosignal"
version = "1.4.0"
source = { registry = "https://pypi.org/simple" }
dependencies = [
    { name = "frozenlist" },
]
sdist = { url = "https://files.pythonhosted.org/packages/61/62/06741b579156360248d1ec624842ad0edf697050bbaf7c3e46394e106ad1/aiosignal-1.4.0.tar.gz", hash = "sha256:f47eecd9468083c2029cc99945502cb7708b082c232f9aca65da147157b251c7", size = 25007, upload-time = "2025-07-03T22:54:43.528Z" }
wheels = [
    { url = "https://files.pythonhosted.org/packages/fb/76/641ae371508676492379f16e2fa48f4e2c11741bd63c48be4b12a6b09cba/aiosignal-1.4.0-py3-none-any.whl", hash = "sha256:053243f8b92b990551949e63930a839ff0cf0b0ebbe0597b0f3fb19e1a0fe82e", size = 7490, upload-time = "2025-07-03T22:54:42.156Z" },
]

[[package]]
name = "attrs"
version = "25.3.0"
source = { registry = "https://pypi.org/simple" }
sdist = { url = "https://files.pythonhosted.org/packages/5a/b0/1367933a8532ee6ff8d63537de4f1177af4bff9f3e829baf7331f595bb24/attrs-25.3.0.tar.gz", hash = "sha256:75d7cefc7fb576747b2c81b4442d4d4a1ce0900973527c011d1030fd3bf4af1b", size = 812032, upload-time = "2025-03-13T11:10:22.779Z" }
wheels = [
    { url = "https://files.pythonhosted.org/packages/77/06/bb80f5f86020c4551da315d78b3ab75e8228f89f0162f2c3a819e407941a/attrs-25.3.0-py3-none-any.whl", hash = "sha256:427318ce031701fea540783410126f03899a97ffc6f61596ad581ac2e40e3bc3", size = 63815, upload-time = "2025-03-13T11:10:21.14Z" },
]

[[package]]
name = "cachetools"
version = "6.2.0"
source = { registry = "https://pypi.org/simple" }
sdist = { url = "https://files.pythonhosted.org/packages/9d/61/e4fad8155db4a04bfb4734c7c8ff0882f078f24294d42798b3568eb63bff/cachetools-6.2.0.tar.gz", hash = "sha256:38b328c0889450f05f5e120f56ab68c8abaf424e1275522b138ffc93253f7e32", size = 30988, upload-time = "2025-08-25T18:57:30.924Z" }
wheels = [
    { url = "https://files.pythonhosted.org/packages/6c/56/3124f61d37a7a4e7cc96afc5492c78ba0cb551151e530b54669ddd1436ef/cachetools-6.2.0-py3-none-any.whl", hash = "sha256:1c76a8960c0041fcc21097e357f882197c79da0dbff766e7317890a65d7d8ba6", size = 11276, upload-time = "2025-08-25T18:57:29.684Z" },
]

[[package]]
name = "deebot-client"
version = "15.1.0"
source = { registry = "https://pypi.org/simple" }
dependencies = [
    { name = "aiohttp" },
    { name = "aiomqtt" },
    { name = "cachetools" },
    { name = "defusedxml" },
    { name = "orjson" },
]
sdist = { url = "https://files.pythonhosted.org/packages/e0/d8/0c94dcc2161db34a2cfc889da11ce85145d27e7b46c8430569930d776d50/deebot_client-15.1.0.tar.gz", hash = "sha256:ea91c58e021af10f4abb069b0138003f3aa2e9e135c6b980c2ef8590523a3e93", size = 196901, upload-time = "2025-10-10T11:58:06.458Z" }

[[package]]
name = "defusedxml"
version = "0.7.1"
source = { registry = "https://pypi.org/simple" }
sdist = { url = "https://files.pythonhosted.org/packages/0f/d5/c66da9b79e5bdb124974bfe172b4daf3c984ebd9c2a06e2b8a4dc7331c72/defusedxml-0.7.1.tar.gz", hash = "sha256:1bb3032db185915b62d7c6209c5a8792be6a32ab2fedacc84e01b52c51aa3e69", size = 75520, upload-time = "2021-03-08T10:59:26.269Z" }
wheels = [
    { url = "https://files.pythonhosted.org/packages/07/6c/aa3f2f849e01cb6a001cd8554a88d4c77c5c1a31c95bdf1cf9301e6d9ef4/defusedxml-0.7.1-py2.py3-none-any.whl", hash = "sha256:a352e7e428770286cc899e2542b6cdaedb2b4953ff269a210103ec58f6198a61", size = 25604, upload-time = "2021-03-08T10:59:24.45Z" },
]

[[package]]
name = "ecovacs-traccar"
version = "0.1.0"
source = { virtual = "." }
dependencies = [
    { name = "deebot-client" },
]

[package.metadata]
requires-dist = [{ name = "deebot-client" }]

[[package]]
name = "frozenlist"
version = "1.7.0"
source = { registry = "https://pypi.org/simple" }
sdist = { url = "https://files.pythonhosted.org/packages/79/b1/b64018016eeb087db503b038296fd782586432b9c077fc5c7839e9cb6ef6/frozenlist-1.7.0.tar.gz", hash = "sha256:2e310d81923c2437ea8670467121cc3e9b0f76d3043cc1d2331d56c7fb7a3a8f", size = 45078, upload-time = "2025-06-09T23:02:35.538Z" }
wheels = [
    { url = "https://files.pythonhosted.org/packages/ee/45/b82e3c16be2182bff01179db177fe144d58b5dc787a7d4492c6ed8b9317f/frozenlist-1.7.0-py3-none-any.whl", hash = "sha256:9a5af342e34f7e97caf8c995864c7a396418ae2859cc6fdf1b1073020d516a7e", size = 13106, upload-time = "2025-06-09T23:02:34.204Z" },
]

[[package]]
name = "idna"
version = "3.10"
source = { registry = "https://pypi.org/simple" }
sdist = { url = "https://files.pythonhosted.org/packages/f1/70/7703c29685631f5a7590aa73f1f1d3fa9a380e654b86af429e0934a32f7d/idna-3.10.tar.gz", hash = "sha256:12f65c9b470abda6dc35cf8e63cc574b1c52b11df2c86030af0ac09b01b13ea9", size = 190490, upload-time = "2024-09-15T18:07:39.745Z" }
wheels = [
    { url = "https://files.pythonhosted.org/packages/76/c6/c88e154df9c4e1a2a66ccf0005a88dfb2650c1dffb6f5ce603dfbd452ce3/idna-3.10-py3-none-any.whl", hash = "sha256:946d195a0d259cbba61165e88e65941f16e9b36ea6ddb97f00452bae8b1287d3", size = 70442, upload-time = "2024-09-15T18:07:37.964Z" },
]

[[package]]
name = "multidict"
version = "6.6.4"
source = { registry = "https://pypi.org/simple" }
sdist = { url = "https://files.pythonhosted.org/packages/69/7f/0652e6ed47ab288e3756ea9c0df8b14950781184d4bd7883f4d87dd41245/multidict-6.6.4.tar.gz", hash = "sha256:d2d4e4787672911b48350df02ed3fa3fffdc2f2e8ca06dd6afdf34189b76a9dd", size = 101843, upload-time = "2025-08-11T12:08:48.217Z" }
wheels = [
    { url = "https://files.pythonhosted.org/packages/fd/69/b547032297c7e63ba2af494edba695d781af8a0c6e89e4d06cf848b21d80/multidict-6.6.4-py3-none-any.whl", hash = "sha256:27d8f8e125c07cb954e54d75d04905a9bba8a439c1d84aca94949d4d03d8601c", size = 12313, upload-time = "2025-08-11T12:08:46.891Z" },
]

[[package]]
name = "orjson"
version = "3.11.3"
source = { registry = "https://pypi.org/simple" }
sdist = { url = "https://files.pythonhosted.org/packages/be/4d/8df5f83256a809c22c4d6792ce8d43bb503be0fb7a8e4da9025754b09658/orjson-3.11.3.tar.gz", hash = "sha256:1c0603b1d2ffcd43a411d64797a19556ef76958aef1c182f22dc30860152a98a", size = 5482394, upload-time = "2025-08-26T17:46:43.171Z" }
wheels = [
    { url = "https://files.pythonhosted.org/packages/ef/77/d3b1fef1fc6aaeed4cbf3be2b480114035f4df8fa1a99d2dac1d40d6e924/orjson-3.11.3-cp314-cp314-macosx_10_15_x86_64.macosx_11_0_arm64.macosx_10_15_universal2.whl", hash = "sha256:cf4b81227ec86935568c7edd78352a92e97af8da7bd70bdfdaa0d2e0011a1ab4", size = 238115, upload-time = "2025-08-26T17:46:01.669Z" },
    { url = "https://files.pythonhosted.org/packages/e4/6d/468d21d49bb12f900052edcfbf52c292022d0a323d7828dc6376e6319703/orjson-3.11.3-cp314-cp314-macosx_15_0_arm64.whl", hash = "sha256:bc8bc85b81b6ac9fc4dae393a8c159b817f4c2c9dee5d12b773bddb3b95fc07e", size = 127493, upload-time = "2025-08-26T17:46:03.466Z" },
    { url = "https://files.pythonhosted.org/packages/67/46/1e2588700d354aacdf9e12cc2d98131fb8ac6f31ca65997bef3863edb8ff/orjson-3.11.3-cp314-cp314-manylinux_2_34_aarch64.whl", hash = "sha256:88dcfc514cfd1b0de038443c7b3e6a9797ffb1b3674ef1fd14f701a13397f82d", size = 122998, upload-time = "2025-08-26T17:46:04.803Z" },
    { url = "https://files.pythonhosted.org/packages/3b/94/11137c9b6adb3779f1b34fd98be51608a14b430dbc02c6d41134fbba484c/orjson-3.11.3-cp314-cp314-manylinux_2_34_x86_64.whl", hash = "sha256:d61cd543d69715d5fc0a690c7c6f8dcc307bc23abef9738957981885f5f38229", size = 132915, upload-time = "2025-08-26T17:46:06.237Z" },
    { url = "https://files.pythonhosted.org/packages/10/61/dccedcf9e9bcaac09fdabe9eaee0311ca92115699500efbd31950d878833/orjson-3.11.3-cp314-cp314-musllinux_1_2_aarch64.whl", hash = "sha256:2b7b153ed90ababadbef5c3eb39549f9476890d339cf47af563aea7e07db2451", size = 130907, upload-time = "2025-08-26T17:46:07.581Z" },
    { url = "https://files.pythonhosted.org/packages/0e/fd/0e935539aa7b08b3ca0f817d73034f7eb506792aae5ecc3b7c6e679cdf5f/orjson-3.11.3-cp314-cp314-musllinux_1_2_armv7l.whl", hash = "sha256:7909ae2460f5f494fecbcd10613beafe40381fd0316e35d6acb5f3a05bfda167", size = 403852, upload-time = "2025-08-26T17:46:08.982Z" },
    { url = "https://files.pythonhosted.org/packages/4a/2b/50ae1a5505cd1043379132fdb2adb8a05f37b3e1ebffe94a5073321966fd/orjson-3.11.3-cp314-cp314-musllinux_1_2_i686.whl", hash = "sha256:2030c01cbf77bc67bee7eef1e7e31ecf28649353987775e3583062c752da0077", size = 146309, upload-time = "2025-08-26T17:46:10.576Z" },
    { url = "https://files.pythonhosted.org/packages/cd/1d/a473c158e380ef6f32753b5f39a69028b25ec5be331c2049a2201bde2e19/orjson-3.11.3-cp314-cp314-musllinux_1_2_x86_64.whl", hash = "sha256:a0169ebd1cbd94b26c7a7ad282cf5c2744fce054133f959e02eb5265deae1872", size = 135424, upload-time = "2025-08-26T17:46:12.386Z" },
    { url = "https://files.pythonhosted.org/packages/da/09/17d9d2b60592890ff7382e591aa1d9afb202a266b180c3d4049b1ec70e4a/orjson-3.11.3-cp314-cp314-win32.whl", hash = "sha256:0c6d7328c200c349e3a4c6d8c83e0a5ad029bdc2d417f234152bf34842d0fc8d", size = 136266, upload-time = "2025-08-26T17:46:13.853Z" },
    { url = "https://files.pythonhosted.org/packages/15/58/358f6846410a6b4958b74734727e582ed971e13d335d6c7ce3e47730493e/orjson-3.11.3-cp314-cp314-win_amd64.whl", hash = "sha256:317bbe2c069bbc757b1a2e4105b64aacd3bc78279b66a6b9e51e846e4809f804", size = 131351, upload-time = "2025-08-26T17:46:15.27Z" },
    { url = "https://files.pythonhosted.org/packages/28/01/d6b274a0635be0468d4dbd9cafe80c47105937a0d42434e805e67cd2ed8b/orjson-3.11.3-cp314-cp314-win_arm64.whl", hash = "sha256:e8f6a7a27d7b7bec81bd5924163e9af03d49bbb63013f107b48eb5d16db711bc", size = 125985, upload-time = "2025-08-26T17:46:16.67Z" },
]

[[package]]
name = "paho-mqtt"
version = "2.1.0"
source = { registry = "https://pypi.org/simple" }
sdist = { url = "https://files.pythonhosted.org/packages/39/15/0a6214e76d4d32e7f663b109cf71fb22561c2be0f701d67f93950cd40542/paho_mqtt-2.1.0.tar.gz", hash = "sha256:12d6e7511d4137555a3f6ea167ae846af2c7357b10bc6fa4f7c3968fc1723834", size = 148848, upload-time = "2024-04-29T19:52:55.591Z" }
wheels = [
    { url = "https://files.pythonhosted.org/packages/c4/cb/00451c3cf31790287768bb12c6bec834f5d292eaf3022afc88e14b8afc94/paho_mqtt-2.1.0-py3-none-any.whl", hash = "sha256:6db9ba9b34ed5bc6b6e3812718c7e06e2fd7444540df2455d2c51bd58808feee", size = 67219, upload-time = "2024-04-29T19:52:48.345Z" },
]

[[package]]
name = "propcache"
version = "0.4.0"
source = { registry = "https://pypi.org/simple" }
sdist = { url = "https://files.pythonhosted.org/packages/ea/c8/d70cd26d845c6d85479d8f5a11a0fd7151e9bc4794cc5e6eb5a790f12df8/propcache-0.4.0.tar.gz", hash = "sha256:c1ad731253eb738f9cadd9fa1844e019576c70bca6a534252e97cf33a57da529", size = 45187, upload-time = "2025-10-04T21:57:39.546Z" }
wheels = [
    { url = "https://files.pythonhosted.org/packages/60/89/7699d8e9f8c222bbef1fae26afd72d448353f164a52125d5f87dd9fec2c7/propcache-0.4.0-cp314-cp314-macosx_10_13_universal2.whl", hash = "sha256:de8e310d24b5a61de08812dd70d5234da1458d41b059038ee7895a9e4c8cae79", size = 77977, upload-time = "2025-10-04T21:56:34.836Z" },
    { url = "https://files.pythonhosted.org/packages/77/c5/2758a498199ce46d6d500ba4391a8594df35400cc85738aa9f0c9b8366db/propcache-0.4.0-cp314-cp314-macosx_10_13_x86_64.whl", hash = "sha256:55a54de5266bc44aa274915cdf388584fa052db8748a869e5500ab5993bac3f4", size = 44715, upload-time = "2025-10-04T21:56:36.075Z" },
    { url = "https://files.pythonhosted.org/packages/0d/da/5a44e10282a28c2dd576e5e1a2c7bb8145587070ddab7375fb643f7129d7/propcache-0.4.0-cp314-cp314-macosx_11_0_arm64.whl", hash = "sha256:88d50d662c917ec2c9d3858920aa7b9d5bfb74ab9c51424b775ccbe683cb1b4e", size = 46463, upload-time = "2025-10-04T21:56:37.227Z" },
    { url = "https://files.pythonhosted.org/packages/d5/5a/b2c314f655f46c10c204dc0d69e19fadfb1cc4d40ab33f403698a35c3281/propcache-0.4.0-cp314-cp314-manylinux2014_aarch64.manylinux_2_17_aarch64.manylinux_2_28_aarch64.whl", hash = "sha256:ae3adf88a66f5863cf79394bc359da523bb27a2ed6ba9898525a6a02b723bfc5", size = 206980, upload-time = "2025-10-04T21:56:38.828Z" },
    { url = "https://files.pythonhosted.org/packages/7c/4e/f6643ec2cd5527b92c93488f9b67a170494736bb1c5460136399d709ce5a/propcache-0.4.0-cp314-cp314-manylinux2014_ppc64le.manylinux_2_17_ppc64le.manylinux_2_28_ppc64le.whl", hash = "sha256:7f088e21d15b3abdb9047e4b7b7a0acd79bf166893ac2b34a72ab1062feb219e", size = 211385, upload-time = "2025-10-04T21:56:40.2Z" },
    { url = "https://files.pythonhosted.org/packages/71/41/362766a346c3f8d3bbeb7899e1ff40f18844e0fe37e9f6f536553cf6b6be/propcache-0.4.0-cp314-cp314-manylinux2014_s390x.manylinux_2_17_s390x.manylinux_2_28_s390x.whl", hash = "sha256:a4efbaf10793fd574c76a5732c75452f19d93df6e0f758c67dd60552ebd8614b", size = 215315, upload-time = "2025-10-04T21:56:41.574Z" },
    { url = "https://files.pythonhosted.org/packages/ff/98/17385d51816d56fa6acc035d8625fbf833b6a795d7ef7fb37ea3f62db6c9/propcache-0.4.0-cp314-cp314-manylinux2014_x86_64.manylinux_2_17_x86_64.manylinux_2_28_x86_64.whl", hash = "sha256:681a168d06284602d56e97f09978057aa88bcc4177352b875b3d781df4efd4cb", size = 201416, upload-time = "2025-10-04T21:56:42.947Z" },
    { url = "https://files.pythonhosted.org/packages/7a/83/801178ca1c29e217564ee507ff2a49d3f24a4dd85c9b9d681fd1d62b15f2/propcache-0.4.0-cp314-cp314-musllinux_1_2_aarch64.whl", hash = "sha256:a7f06f077fc4ef37e8a37ca6bbb491b29e29db9fb28e29cf3896aad10dbd4137", size = 197726, upload-time = "2025-10-04T21:56:44.313Z" },
    { url = "https://files.pythonhosted.org/packages/d2/38/c8743917bca92b7e5474366b6b04c7b3982deac32a0fe4b705f2e92c09bb/propcache-0.4.0-cp314-cp314-musllinux_1_2_armv7l.whl", hash = "sha256:082a643479f49a6778dcd68a80262fc324b14fd8e9b1a5380331fe41adde1738", size = 192819, upload-time = "2025-10-04T21:56:45.702Z" },
    { url = "https://files.pythonhosted.org/packages/0b/74/3de3ef483e8615aaaf62026fcdcb20cbfc4535ea14871b12f72d52c1d6dc/propcache-0.4.0-cp314-cp314-musllinux_1_2_ppc64le.whl", hash = "sha256:26692850120241a99bb4a4eec675cd7b4fdc431144f0d15ef69f7f8599f6165f", size = 202492, upload-time = "2025-10-04T21:56:47.388Z" },
    { url = "https://files.pythonhosted.org/packages/46/86/a130dd85199d651a6986ba6bf1ce297b7bbcafc01c8e139e6ba2b8218a20/propcache-0.4.0-cp314-cp314-musllinux_1_2_s390x.whl", hash = "sha256:33ad7d37b9a386f97582f5d042cc7b8d4b3591bb384cf50866b749a17e4dba90", size = 204106, upload-time = "2025-10-04T21:56:49.139Z" },
    { url = "https://files.pythonhosted.org/packages/b2/f7/44eab58659d71d21995146c94139e63882bac280065b3a9ed10376897bcc/propcache-0.4.0-cp314-cp314-musllinux_1_2_x86_64.whl", hash = "sha256:1e7fd82d4a5b7583588f103b0771e43948532f1292105f13ee6f3b300933c4ca", size = 198043, upload-time = "2025-10-04T21:56:50.561Z" },
    { url = "https://files.pythonhosted.org/packages/96/14/df37be1bf1423d2dda201a4cdb1c5cb44048d34e31a97df227cc25b0a55c/propcache-0.4.0-cp314-cp314-win32.whl", hash = "sha256:213eb0d3bc695a70cffffe11a1c2e1c2698d89ffd8dba35a49bc44a035d45c93", size = 38036, upload-time = "2025-10-04T21:56:51.868Z" },
    { url = "https://files.pythonhosted.org/packages/99/96/9cea65d6c50224737e80c57a3f3db4ca81bc7b1b52bc73346df8c50db400/propcache-0.4.0-cp314-cp314-win_amd64.whl", hash = "sha256:087e2d3d7613e1b59b2ffca0daabd500c1a032d189c65625ee05ea114afcad0b", size = 41156, upload-time = "2025-10-04T21:56:53.242Z" },
    { url = "https://files.pythonhosted.org/packages/52/4d/91523dcbe23cc127b097623a6ba177da51fca6b7c979082aa49745b527b7/propcache-0.4.0-cp314-cp314-win_arm64.whl", hash = "sha256:94b0f7407d18001dbdcbb239512e753b1b36725a6e08a4983be1c948f5435f79", size = 37976, upload-time = "2025-10-04T21:56:54.351Z" },
    { url = "https://files.pythonhosted.org/packages/ec/f7/7118a944cb6cdb548c9333cf311bda120f9793ecca54b2ca4a3f7e58723e/propcache-0.4.0-cp314-cp314t-macosx_10_13_universal2.whl", hash = "sha256:b730048ae8b875e2c0af1a09ca31b303fc7b5ed27652beec03fa22b29545aec9", size = 81270, upload-time = "2025-10-04T21:56:55.516Z" },
    { url = "https://files.pythonhosted.org/packages/ab/f9/04a8bc9977ea201783f3ccb04106f44697f635f70439a208852d4d08554d/propcache-0.4.0-cp314-cp314t-macosx_10_13_x86_64.whl", hash = "sha256:f495007ada16a4e16312b502636fafff42a9003adf1d4fb7541e0a0870bc056f", size = 46224, upload-time = "2025-10-04T21:56:56.695Z" },
    { url = "https://files.pythonhosted.org/packages/0f/3d/808b074034156f130a0047304d811a5a5df3bb0976c9adfb9383718fd888/propcache-0.4.0-cp314-cp314t-macosx_11_0_arm64.whl", hash = "sha256:659a0ea6d9017558ed7af00fb4028186f64d0ba9adfc70a4d2c85fcd3d026321", size = 48246, upload-time = "2025-10-04T21:56:57.926Z" },
    { url = "https://files.pythonhosted.org/packages/66/eb/e311f3a59ddc93078cb079b12699af9fd844142c4b4d382b386ee071d921/propcache-0.4.0-cp314-cp314t-manylinux2014_aarch64.manylinux_2_17_aarch64.manylinux_2_28_aarch64.whl", hash = "sha256:d74aa60b1ec076d4d5dcde27c9a535fc0ebb12613f599681c438ca3daa68acac", size = 275562, upload-time = "2025-10-04T21:56:59.221Z" },
    { url = "https://files.pythonhosted.org/packages/f4/05/a146094d6a00bb2f2036dd2a2f4c2b2733ff9574b59ce53bd8513edfca5d/propcache-0.4.0-cp314-cp314t-manylinux2014_ppc64le.manylinux_2_17_ppc64le.manylinux_2_28_ppc64le.whl", hash = "sha256:34000e31795bdcda9826e0e70e783847a42e3dcd0d6416c5d3cb717905ebaec0", size = 273627, upload-time = "2025-10-04T21:57:00.582Z" },
    { url = "https://files.pythonhosted.org/packages/91/95/a6d138f6e3d5f6c9b34dbd336b964a1293f2f1a79cafbe70ae3403d7cc46/propcache-0.4.0-cp314-cp314t-manylinux2014_s390x.manylinux_2_17_s390x.manylinux_2_28_s390x.whl", hash = "sha256:bcb5bfac5b9635e6fc520c8af6efc7a0a56f12a1fe9e9d3eb4328537e316dd6a", size = 279778, upload-time = "2025-10-04T21:57:01.944Z" },
    { url = "https://files.pythonhosted.org/packages/ac/09/19594a20da0519bfa00deef8cf35dda6c9a5b51bba947f366e85ea59b3de/propcache-0.4.0-cp314-cp314t-manylinux2014_x86_64.manylinux_2_17_x86_64.manylinux_2_28_x86_64.whl", hash = "sha256:0ea11fceb31fa95b0fa2007037f19e922e2caceb7dc6c6cac4cb56e2d291f1a2", size = 262833, upload-time = "2025-10-04T21:57:03.326Z" },
    { url = "https://files.pythonhosted.org/packages/b5/92/60d2ddc7662f7b2720d3b628ad8ce888015f4ab5c335b7b1b50183194e68/propcache-0.4.0-cp314-cp314t-musllinux_1_2_aarch64.whl", hash = "sha256:cd8684f628fe285ea5c86f88e1c30716239dc9d6ac55e7851a4b7f555b628da3", size = 260456, upload-time = "2025-10-04T21:57:05.159Z" },
    { url = "https://files.pythonhosted.org/packages/6f/e2/4c2e25c77cf43add2e05a86c4fcf51107edc4d92318e5c593bbdc2515d57/propcache-0.4.0-cp314-cp314t-musllinux_1_2_armv7l.whl", hash = "sha256:790286d3d542c0ef9f6d0280d1049378e5e776dcba780d169298f664c39394db", size = 247284, upload-time = "2025-10-04T21:57:06.566Z" },
    { url = "https://files.pythonhosted.org/packages/dc/3e/c273ab8edc80683ec8b15b486e95c03096ef875d99e4b0ab0a36c1e42c94/propcache-0.4.0-cp314-cp314t-musllinux_1_2_ppc64le.whl", hash = "sha256:009093c9b5dbae114a5958e6a649f8a5d94dd6866b0f82b60395eb92c58002d4", size = 262368, upload-time = "2025-10-04T21:57:08.231Z" },
    { url = "https://files.pythonhosted.org/packages/ac/a9/3fa231f65a9f78614c5aafa9cee788d7f55c22187cc2f33e86c7c16d0262/propcache-0.4.0-cp314-cp314t-musllinux_1_2_s390x.whl", hash = "sha256:728d98179e92d77096937fdfecd2c555a3d613abe56c9909165c24196a3b5012", size = 263010, upload-time = "2025-10-04T21:57:09.641Z" },
    { url = "https://files.pythonhosted.org/packages/38/a0/f4f5d368e60c9dc04d3158eaf1ca0ad899b40ac3d29c015bf62735225a6f/propcache-0.4.0-cp314-cp314t-musllinux_1_2_x86_64.whl", hash = "sha256:a9725d96a81e17e48a0fe82d0c3de2f5e623d7163fec70a6c7df90753edd1bec", size = 257298, upload-time = "2025-10-04T21:57:11.125Z" },
    { url = "https://files.pythonhosted.org/packages/c7/30/f78d6758dc36a98f1cddc39b3185cefde616cc58248715b7c65495491cb1/propcache-0.4.0-cp314-cp314t-win32.whl", hash = "sha256:0964c55c95625193defeb4fd85f8f28a9a754ed012cab71127d10e3dc66b1373", size = 42484, upload-time = "2025-10-04T21:57:12.652Z" },
    { url = "https://files.pythonhosted.org/packages/4e/ad/de0640e9b56d2caa796c4266d7d1e6cc4544cc327c25b7ced5c59893b625/propcache-0.4.0-cp314-cp314t-win_amd64.whl", hash = "sha256:24403152e41abf09488d3ae9c0c3bf7ff93e2fb12b435390718f21810353db28", size = 46229, upload-time = "2025-10-04T21:57:14.034Z" },
    { url = "https://files.pythonhosted.org/packages/da/bf/5aed62dddbf2bbe62a3564677436261909c9dd63a0fa1fb6cf0629daa13c/propcache-0.4.0-cp314-cp314t-win_arm64.whl", hash = "sha256:0363a696a9f24b37a04ed5e34c2e07ccbe92798c998d37729551120a1bb744c4", size = 40329, upload-time = "2025-10-04T21:57:15.198Z" },
    { url = "https://files.pythonhosted.org/packages/c7/16/794c114f6041bbe2de23eb418ef58a0f45de27224d5540f5dbb266a73d72/propcache-0.4.0-py3-none-any.whl", hash = "sha256:015b2ca2f98ea9e08ac06eecc409d5d988f78c5fd5821b2ad42bc9afcd6b1557", size = 13183, upload-time = "2025-10-04T21:57:38.054Z" },
]

[[package]]
name = "yarl"
version = "1.20.1"
source = { registry = "https://pypi.org/simple" }
dependencies = [
    { name = "idna" },
    { name = "multidict" },
    { name = "propcache" },
]
sdist = { url = "https://files.pythonhosted.org/packages/3c/fb/efaa23fa4e45537b827620f04cf8f3cd658b76642205162e072703a5b963/yarl-1.20.1.tar.gz", hash = "sha256:d017a4997ee50c91fd5466cef416231bb82177b93b029906cefc542ce14c35ac", size = 186428, upload-time = "2025-06-10T00:46:09.923Z" }
wheels = [
    { url = "https://files.pythonhosted.org/packages/b4/2d/2345fce04cfd4bee161bf1e7d9cdc702e3e16109021035dbb24db654a622/yarl-1.20.1-py3-none-any.whl", hash = "sha256:83b8eb083fe4683c6115795d9fc1cfaf2cbbefb19b3a1cb68f6527460f483a77", size = 46542, upload-time = "2025-06-10T00:46:07.521Z" },
]
